
Microsoft Visual Studio Solution File, Format Version 12.00
# Visual Studio Version 17
VisualStudioVersion = 17.0.31808.319
MinimumVisualStudioVersion = 10.0.40219.1
Project("{9A19103F-16F7-4668-BE54-9A1E7A4F7556}") = "Service", "Service\Service.csproj", "{1397A20D-F5C0-4050-9D22-51476C72B267}"
EndProject
Project("{FAE04EC0-301F-11D3-BF4B-00C04F79EFBC}") = "Client", "Client\Client.csproj", "{A1F8CC5C-EDEB-4480-B139-95A641DDC12A}"
EndProject
Global
	GlobalSection(SolutionConfigurationPlatforms) = preSolution
		Debug|Any CPU = Debug|Any CPU
		Release|Any CPU = Release|Any CPU
	EndGlobalSection
	GlobalSection(ProjectConfigurationPlatforms) = postSolution
		{1397A20D-F5C0-4050-9D22-51476C72B267}.Debug|Any CPU.ActiveCfg = Debug|Any CPU
		{1397A20D-F5C0-4050-9D22-51476C72B267}.Debug|Any CPU.Build.0 = Debug|Any CPU
		{1397A20D-F5C0-4050-9D22-51476C72B267}.Release|Any CPU.ActiveCfg = Release|Any CPU
		{1397A20D-F5C0-4050-9D22-51476C72B267}.Release|Any CPU.Build.0 = Release|Any CPU
		{A1F8CC5C-EDEB-4480-B139-95A641DDC12A}.Debug|Any CPU.ActiveCfg = Debug|Any CPU
		{A1F8CC5C-EDEB-4480-B139-95A641DDC12A}.Debug|Any CPU.Build.0 = Debug|Any CPU
		{A1F8CC5C-EDEB-4480-B139-95A641DDC12A}.Release|Any CPU.ActiveCfg = Release|Any CPU
		{A1F8CC5C-EDEB-4480-B139-95A641DDC12A}.Release|Any CPU.Build.0 = Release|Any CPU
	EndGlobalSection
	GlobalSection(SolutionProperties) = preSolution
		HideSolutionNode = FALSE
	EndGlobalSection
	GlobalSection(ExtensibilityGlobals) = postSolution
		SolutionGuid = {D93A85AF-7AF3-45D3-914B-B6DC0FF04C4F}
	EndGlobalSection
EndGlobal
